
Microsoft Visual Studio Solution File, Format Version 12.00
# Visual Studio Version 16
VisualStudioVersion = 16.0.31424.327
MinimumVisualStudioVersion = 10.0.40219.1
Project("{FAE04EC0-301F-11D3-BF4B-00C04F79EFBC}") = "01-Clase01", "Clase01\01-Clase01.csproj", "{48BF795E-02B8-421C-AC18-8E9093170868}"
EndProject
Project("{FAE04EC0-301F-11D3-BF4B-00C04F79EFBC}") = "02-Controles", "02-Controles\02-Controles.csproj", "{68AC3200-5C58-405D-AC1A-5447990A9700}"
EndProject
Global
	GlobalSection(SolutionConfigurationPlatforms) = preSolution
		Debug|Any CPU = Debug|Any CPU
		Release|Any CPU = Release|Any CPU
	EndGlobalSection
	GlobalSection(ProjectConfigurationPlatforms) = postSolution
		{48BF795E-02B8-421C-AC18-8E9093170868}.Debug|Any CPU.ActiveCfg = Debug|Any CPU
		{48BF795E-02B8-421C-AC18-8E9093170868}.Debug|Any CPU.Build.0 = Debug|Any CPU
		{48BF795E-02B8-421C-AC18-8E9093170868}.Release|Any CPU.ActiveCfg = Release|Any CPU
		{48BF795E-02B8-421C-AC18-8E9093170868}.Release|Any CPU.Build.0 = Release|Any CPU
		{68AC3200-5C58-405D-AC1A-5447990A9700}.Debug|Any CPU.ActiveCfg = Debug|Any CPU
		{68AC3200-5C58-405D-AC1A-5447990A9700}.Debug|Any CPU.Build.0 = Debug|Any CPU
		{68AC3200-5C58-405D-AC1A-5447990A9700}.Release|Any CPU.ActiveCfg = Release|Any CPU
		{68AC3200-5C58-405D-AC1A-5447990A9700}.Release|Any CPU.Build.0 = Release|Any CPU
	EndGlobalSection
	GlobalSection(SolutionProperties) = preSolution
		HideSolutionNode = FALSE
	EndGlobalSection
	GlobalSection(ExtensibilityGlobals) = postSolution
		SolutionGuid = {218B2EBB-5395-49C1-A298-82FCC858CEF1}
	EndGlobalSection
EndGlobal
